
Microsoft Visual Studio Solution File, Format Version 12.00
# Visual Studio Version 16
VisualStudioVersion = 16.0.31424.327
MinimumVisualStudioVersion = 10.0.40219.1
Project("{FAE04EC0-301F-11D3-BF4B-00C04F79EFBC}") = "ASDLab1", "ASDLab1\ASDLab1.csproj", "{1FF5F08A-B335-45B4-B3F9-B93573C8EFFB}"
EndProject
Global
	GlobalSection(SolutionConfigurationPlatforms) = preSolution
		Debug|Any CPU = Debug|Any CPU
		Release|Any CPU = Release|Any CPU
	EndGlobalSection
	GlobalSection(ProjectConfigurationPlatforms) = postSolution
		{1FF5F08A-B335-45B4-B3F9-B93573C8EFFB}.Debug|Any CPU.ActiveCfg = Debug|Any CPU
		{1FF5F08A-B335-45B4-B3F9-B93573C8EFFB}.Debug|Any CPU.Build.0 = Debug|Any CPU
		{1FF5F08A-B335-45B4-B3F9-B93573C8EFFB}.Release|Any CPU.ActiveCfg = Release|Any CPU
		{1FF5F08A-B335-45B4-B3F9-B93573C8EFFB}.Release|Any CPU.Build.0 = Release|Any CPU
	EndGlobalSection
	GlobalSection(SolutionProperties) = preSolution
		HideSolutionNode = FALSE
	EndGlobalSection
	GlobalSection(ExtensibilityGlobals) = postSolution
		SolutionGuid = {62373008-9B6A-40A7-9FAA-8AB503B379B2}
	EndGlobalSection
EndGlobal
